PODS:
  - Alamofire (5.4.1)
  - DropDown (2.3.13)
  - DynamicCodable (1.0)
  - IQKeyboardManagerSwift (6.5.6)
  - KakaoSDKAuth (2.5.4):
    - KakaoSDKCommon (= 2.5.4)
  - KakaoSDKCommon (2.5.4):
    - KakaoSDKCommon/Common (= 2.5.4)
    - KakaoSDKCommon/Network (= 2.5.4)
  - KakaoSDKCommon/Common (2.5.4)
  - KakaoSDKCommon/Network (2.5.4):
    - Alamofire (~> 5.1)
    - KakaoSDKCommon/Common (= 2.5.4)
  - KakaoSDKLink (2.5.4):
    - KakaoSDKCommon (= 2.5.4)
    - KakaoSDKTemplate (= 2.5.4)
  - KakaoSDKNavi (2.5.4):
    - KakaoSDKCommon/Common (= 2.5.4)
  - KakaoSDKStory (2.5.4):
    - KakaoSDKUser (= 2.5.4)
  - KakaoSDKTalk (2.5.4):
    - KakaoSDKTemplate (= 2.5.4)
    - KakaoSDKUser (= 2.5.4)
  - KakaoSDKTemplate (2.5.4):
    - KakaoSDKCommon/Common (= 2.5.4)
  - KakaoSDKUser (2.5.4):
    - KakaoSDKAuth (= 2.5.4)
  - Kingfisher (7.1.0)
  - RxAlamofire (5.7.1):
    - RxAlamofire/Core (= 5.7.1)
  - RxAlamofire/Core (5.7.1):
    - Alamofire (~> 5.4)
    - RxSwift (~> 5.1)
  - RxCocoa (5.1.1):
    - RxRelay (~> 5)
    - RxSwift (~> 5)
  - RxGesture (3.0.2):
    - RxCocoa (~> 5.1)
    - RxSwift (~> 5.1)
  - RxKakaoSDK (2.5.4):
    - KakaoSDKNavi (= 2.5.4)
    - KakaoSDKTemplate (= 2.5.4)
    - RxKakaoSDKAuth (= 2.5.4)
    - RxKakaoSDKCommon (= 2.5.4)
    - RxKakaoSDKLink (= 2.5.4)
    - RxKakaoSDKStory (= 2.5.4)
    - RxKakaoSDKTalk (= 2.5.4)
    - RxKakaoSDKUser (= 2.5.4)
  - RxKakaoSDKAuth (2.5.4):
    - KakaoSDKAuth (= 2.5.4)
    - RxKakaoSDKCommon (= 2.5.4)
  - RxKakaoSDKCommon (2.5.4):
    - RxKakaoSDKCommon/Common (= 2.5.4)
    - RxKakaoSDKCommon/Network (= 2.5.4)
  - RxKakaoSDKCommon/Common (2.5.4):
    - KakaoSDKCommon/Common (= 2.5.4)
    - RxCocoa
    - RxSwift
  - RxKakaoSDKCommon/Network (2.5.4):
    - KakaoSDKCommon/Network (= 2.5.4)
    - RxAlamofire (~> 5.2)
    - RxKakaoSDKCommon/Common (= 2.5.4)
  - RxKakaoSDKLink (2.5.4):
    - KakaoSDKLink (= 2.5.4)
    - RxKakaoSDKCommon (= 2.5.4)
  - RxKakaoSDKStory (2.5.4):
    - KakaoSDKStory (= 2.5.4)
    - RxKakaoSDKUser (= 2.5.4)
  - RxKakaoSDKTalk (2.5.4):
    - KakaoSDKTalk (= 2.5.4)
    - KakaoSDKTemplate (= 2.5.4)
    - RxKakaoSDKUser (= 2.5.4)
  - RxKakaoSDKUser (2.5.4):
    - KakaoSDKUser (= 2.5.4)
    - RxKakaoSDKAuth (= 2.5.4)
  - RxRelay (5.1.1):
    - RxSwift (~> 5)
  - RxSwift (5.1.2)
  - SwiftyJSON (5.0.1)

DEPENDENCIES:
  - Alamofire (~> 5.2)
  - DropDown
  - DynamicCodable
  - IQKeyboardManagerSwift
  - Kingfisher (~> 7.0)
  - RxAlamofire (~> 5.2)
  - RxCocoa (~> 5.1)
  - RxGesture
  - RxKakaoSDK
  - RxSwift (~> 5.1)
  - SwiftyJSON

SPEC REPOS:
  trunk:
    - Alamofire
    - DropDown
    - DynamicCodable
    - IQKeyboardManagerSwift
    - KakaoSDKAuth
    - KakaoSDKCommon
    - KakaoSDKLink
    - KakaoSDKNavi
    - KakaoSDKStory
    - KakaoSDKTalk
    - KakaoSDKTemplate
    - KakaoSDKUser
    - Kingfisher
    - RxAlamofire
    - RxCocoa
    - RxGesture
    - RxKakaoSDK
    - RxKakaoSDKAuth
    - RxKakaoSDKCommon
    - RxKakaoSDKLink
    - RxKakaoSDKStory
    - RxKakaoSDKTalk
    - RxKakaoSDKUser
    - RxRelay
    - RxSwift
    - SwiftyJSON

SPEC CHECKSUMS:
  Alamofire: 2291f7d21ca607c491dd17642e5d40fdcda0e65c
  DropDown: 8a2116376c1981888557f72ec2ffc9a5e0e456ec
  DynamicCodable: 2cf558d057b3e6540552943254e1c9eeb706dde2
  IQKeyboardManagerSwift: c7df9d2deb356c04522f5c4b7b6e4ce4d8ed94fe
  KakaoSDKAuth: 6fbd3579e80efffa05a24f17f696c59ca5ab331f
  KakaoSDKCommon: caa186f5cf6f7426ab5135b43001ad997e018daa
  KakaoSDKLink: f28c1cfd67e76e8a4dd11b6dc11d9516be98ba72
  KakaoSDKNavi: 3da6692ef3c6c5260f0239edeef3f21c438022c0
  KakaoSDKStory: 2f58e2f89a1b032dae4d98fc33faebebafa46189
  KakaoSDKTalk: 41abfd99cf661b186935b95fa295c412dd2eb8a8
  KakaoSDKTemplate: 37c2c19dad4538a0897fde26ac367e7c7f0c2f11
  KakaoSDKUser: 285abc213101bd07a9b44735defd36994ea9ada8
  Kingfisher: cdabaf49be7ee7cc124f0f276b355edf61903cf8
  RxAlamofire: 8e144c62dcc01d68dcb366bfc542eb6dd46bab78
  RxCocoa: 32065309a38d29b5b0db858819b5bf9ef038b601
  RxGesture: d6bd7447ca3a596c7a9702a6a2b6a2bb5d8bae54
  RxKakaoSDK: 36b20a3eee328e0b1c7599b5342db92a80fc2514
  RxKakaoSDKAuth: c15c870814e25c3e8dbf0ae529ea89fffedea075
  RxKakaoSDKCommon: fd57aed56b286b0c6dedf50a8c5f0141e97ef858
  RxKakaoSDKLink: 66f608dba9298b81c6ccd1c9ffae99883bf28d4b
  RxKakaoSDKStory: 3849dfe68fefcdd505fa3af02d8a4ab979c1eae3
  RxKakaoSDKTalk: 67eb1cc4d8f88817b0e5c87d15a87a4eeeb09aa2
  RxKakaoSDKUser: 4cea4f1878bac712341ed0107d374f607ac1614d
  RxRelay: d77f7d771495f43c556cbc43eebd1bb54d01e8e9
  RxSwift: 1e2e1f9570186967f617e49128ed26ccf1bafc8e
  SwiftyJSON: 2f33a42c6fbc52764d96f13368585094bfd8aa5e

PODFILE CHECKSUM: 136905d140757f9a48c40a0a18c7a64ef81875b5

COCOAPODS: 1.10.1
