// !$*UTF8*$!
{
	archiveVersion = 1;
	classes = {
	};
	objectVersion = 51;
	objects = {

/* Begin PBXBuildFile section */
		0417652626A5052C00E2C4F7 /* NeighborTableViewCell.swift in Sources */ = {isa = PBXBuildFile; fileRef = 0417652526A5052C00E2C4F7 /* NeighborTableViewCell.swift */; };
		0417652826A50E9900E2C4F7 /* UploadImageViewController.swift in Sources */ = {isa = PBXBuildFile; fileRef = 0417652726A50E9900E2C4F7 /* UploadImageViewController.swift */; };
		0417652C26A6D72600E2C4F7 /* TokenUtils.swift in Sources */ = {isa = PBXBuildFile; fileRef = 0417652B26A6D72600E2C4F7 /* TokenUtils.swift */; };
		0417653426A86DEC00E2C4F7 /* GProjectTests.swift in Sources */ = {isa = PBXBuildFile; fileRef = 0417653326A86DEC00E2C4F7 /* GProjectTests.swift */; };
		0417653C26B38E5E00E2C4F7 /* Table.swift in Sources */ = {isa = PBXBuildFile; fileRef = 0417653B26B38E5E00E2C4F7 /* Table.swift */; };
		0431E61F272A685B00C75B68 /* CorrectPasswordViewModel.swift in Sources */ = {isa = PBXBuildFile; fileRef = 0431E61E272A685B00C75B68 /* CorrectPasswordViewModel.swift */; };
		04328B0227250CED00186DD1 /* addImage.png in Resources */ = {isa = PBXBuildFile; fileRef = 04328B0127250CED00186DD1 /* addImage.png */; };
		04328B042725304600186DD1 /* SettingViewController.swift in Sources */ = {isa = PBXBuildFile; fileRef = 04328B032725304600186DD1 /* SettingViewController.swift */; };
		04328B062725346400186DD1 /* SettingViewModel.swift in Sources */ = {isa = PBXBuildFile; fileRef = 04328B052725346400186DD1 /* SettingViewModel.swift */; };
		04335E79281AF92E00BA765C /* ProjectHeaderReusableView.swift in Sources */ = {isa = PBXBuildFile; fileRef = 04335E78281AF92E00BA765C /* ProjectHeaderReusableView.swift */; };
		04335E7B281AFA0F00BA765C /* AddingProjectButton.swift in Sources */ = {isa = PBXBuildFile; fileRef = 04335E7A281AFA0F00BA765C /* AddingProjectButton.swift */; };
		04335E7D281B7AC400BA765C /* TabBarViewController.swift in Sources */ = {isa = PBXBuildFile; fileRef = 04335E7C281B7AC400BA765C /* TabBarViewController.swift */; };
		04335E7F281B7FBC00BA765C /* NeighborListViewController.swift in Sources */ = {isa = PBXBuildFile; fileRef = 04335E7E281B7FBC00BA765C /* NeighborListViewController.swift */; };
		04335E81281BA8A000BA765C /* NeighborListViewModel.swift in Sources */ = {isa = PBXBuildFile; fileRef = 04335E80281BA8A000BA765C /* NeighborListViewModel.swift */; };
		04335E83281BAD1300BA765C /* NeighborNoticeViewController.swift in Sources */ = {isa = PBXBuildFile; fileRef = 04335E82281BAD1300BA765C /* NeighborNoticeViewController.swift */; };
		04335E85281BAD3B00BA765C /* NeighborSearchViewController.swift in Sources */ = {isa = PBXBuildFile; fileRef = 04335E84281BAD3B00BA765C /* NeighborSearchViewController.swift */; };
		04335E87281BB04000BA765C /* SearchBarView.swift in Sources */ = {isa = PBXBuildFile; fileRef = 04335E86281BB04000BA765C /* SearchBarView.swift */; };
		04335E8A281BE7B500BA765C /* UIColor+Ext.swift in Sources */ = {isa = PBXBuildFile; fileRef = 04335E89281BE7B500BA765C /* UIColor+Ext.swift */; };
		04335E8C281BF2C800BA765C /* NeighborProjectListViewController.swift in Sources */ = {isa = PBXBuildFile; fileRef = 04335E8B281BF2C800BA765C /* NeighborProjectListViewController.swift */; };
		04335E8E281BF32C00BA765C /* NeighborProjectListViewModel.swift in Sources */ = {isa = PBXBuildFile; fileRef = 04335E8D281BF32C00BA765C /* NeighborProjectListViewModel.swift */; };
		04335E91281C2F6E00BA765C /* Home.png in Resources */ = {isa = PBXBuildFile; fileRef = 04335E90281C2F6E00BA765C /* Home.png */; };
		04335E93281C2F7B00BA765C /* Neighbor.png in Resources */ = {isa = PBXBuildFile; fileRef = 04335E92281C2F7B00BA765C /* Neighbor.png */; };
		04335E95281C2F9E00BA765C /* Back.png in Resources */ = {isa = PBXBuildFile; fileRef = 04335E94281C2F9E00BA765C /* Back.png */; };
		04335E97281C2FCE00BA765C /* UIImage+Ext.swift in Sources */ = {isa = PBXBuildFile; fileRef = 04335E96281C2FCE00BA765C /* UIImage+Ext.swift */; };
		04335E99281C306D00BA765C /* Search.png in Resources */ = {isa = PBXBuildFile; fileRef = 04335E98281C306D00BA765C /* Search.png */; };
		04335E9B281C318100BA765C /* Notice.png in Resources */ = {isa = PBXBuildFile; fileRef = 04335E9A281C318100BA765C /* Notice.png */; };
		04435F31269B16EF00030944 /* kakao_login_medium_narrow.png in Resources */ = {isa = PBXBuildFile; fileRef = 04435F30269B16EF00030944 /* kakao_login_medium_narrow.png */; };
		04435F33269B25D200030944 /* kakao_signup_medium_narrow.png in Resources */ = {isa = PBXBuildFile; fileRef = 04435F32269B25D200030944 /* kakao_signup_medium_narrow.png */; };
		04435F35269B56F700030944 /* ProjectListViewController.swift in Sources */ = {isa = PBXBuildFile; fileRef = 04435F34269B56F700030944 /* ProjectListViewController.swift */; };
		0449D7F6269AF03700BCC781 /* AppDelegate.swift in Sources */ = {isa = PBXBuildFile; fileRef = 0449D7F5269AF03700BCC781 /* AppDelegate.swift */; };
		0449D7F8269AF03700BCC781 /* SceneDelegate.swift in Sources */ = {isa = PBXBuildFile; fileRef = 0449D7F7269AF03700BCC781 /* SceneDelegate.swift */; };
		0449D7FA269AF03700BCC781 /* LoginViewController.swift in Sources */ = {isa = PBXBuildFile; fileRef = 0449D7F9269AF03700BCC781 /* LoginViewController.swift */; };
		0449D800269AF03700BCC781 /* GProject.xcdatamodeld in Sources */ = {isa = PBXBuildFile; fileRef = 0449D7FE269AF03700BCC781 /* GProject.xcdatamodeld */; };
		0449D802269AF03800BCC781 /* Assets.xcassets in Resources */ = {isa = PBXBuildFile; fileRef = 0449D801269AF03800BCC781 /* Assets.xcassets */; };
		0449D805269AF03800BCC781 /* LaunchScreen.storyboard in Resources */ = {isa = PBXBuildFile; fileRef = 0449D803269AF03800BCC781 /* LaunchScreen.storyboard */; };
		0475375E281674B800E4300A /* UserEndpointCases.swift in Sources */ = {isa = PBXBuildFile; fileRef = 0475375D281674B800E4300A /* UserEndpointCases.swift */; };
		047537602816752400E4300A /* ProjectEndpointCases.swift in Sources */ = {isa = PBXBuildFile; fileRef = 0475375F2816752400E4300A /* ProjectEndpointCases.swift */; };
		047537632818CC6500E4300A /* EndPoint.swift in Sources */ = {isa = PBXBuildFile; fileRef = 047537622818CC6500E4300A /* EndPoint.swift */; };
		047537652818D14D00E4300A /* NetworkError.swift in Sources */ = {isa = PBXBuildFile; fileRef = 047537642818D14D00E4300A /* NetworkError.swift */; };
		047537672818D16D00E4300A /* Service.swift in Sources */ = {isa = PBXBuildFile; fileRef = 047537662818D16D00E4300A /* Service.swift */; };
		047537692818FFCC00E4300A /* NeighborEndpointCases.swift in Sources */ = {isa = PBXBuildFile; fileRef = 047537682818FFCC00E4300A /* NeighborEndpointCases.swift */; };
		0475376B2818FFEF00E4300A /* ProjectShareEndpointCases.swift in Sources */ = {isa = PBXBuildFile; fileRef = 0475376A2818FFEF00E4300A /* ProjectShareEndpointCases.swift */; };
		0475376E281910AD00E4300A /* UserService.swift in Sources */ = {isa = PBXBuildFile; fileRef = 0475376D281910AD00E4300A /* UserService.swift */; };
		04753770281914A800E4300A /* ProjectService.swift in Sources */ = {isa = PBXBuildFile; fileRef = 0475376F281914A800E4300A /* ProjectService.swift */; };
		04753772281914B800E4300A /* NeighborService.swift in Sources */ = {isa = PBXBuildFile; fileRef = 04753771281914B800E4300A /* NeighborService.swift */; };
		04753774281914D600E4300A /* ProjectShareService.swift in Sources */ = {isa = PBXBuildFile; fileRef = 04753773281914D600E4300A /* ProjectShareService.swift */; };
		04753776281A61AF00E4300A /* Neighbor.swift in Sources */ = {isa = PBXBuildFile; fileRef = 04753775281A61AF00E4300A /* Neighbor.swift */; };
		04753778281A655800E4300A /* Share.swift in Sources */ = {isa = PBXBuildFile; fileRef = 04753777281A655800E4300A /* Share.swift */; };
		047946E92711B1070092C880 /* RegisterViewModel.swift in Sources */ = {isa = PBXBuildFile; fileRef = 047946E82711B1070092C880 /* RegisterViewModel.swift */; };
		04813D4926D5DDDC0083A3EE /* ProjectCell.swift in Sources */ = {isa = PBXBuildFile; fileRef = 04813D4826D5DDDC0083A3EE /* ProjectCell.swift */; };
		04813D4B26D683AA0083A3EE /* RegisterViewController.swift in Sources */ = {isa = PBXBuildFile; fileRef = 04813D4A26D683AA0083A3EE /* RegisterViewController.swift */; };
		04AE242926B78C8B005F11F2 /* GProjectUITests.swift in Sources */ = {isa = PBXBuildFile; fileRef = 04AE242826B78C8B005F11F2 /* GProjectUITests.swift */; };
		04B22BB427255366007801CD /* PersonalInfoViewController.swift in Sources */ = {isa = PBXBuildFile; fileRef = 04B22BB327255366007801CD /* PersonalInfoViewController.swift */; };
		04B22BB62725543C007801CD /* PersonalInfoViewModel.swift in Sources */ = {isa = PBXBuildFile; fileRef = 04B22BB52725543C007801CD /* PersonalInfoViewModel.swift */; };
		04B22BB8272564A2007801CD /* CorrectPasswordViewController.swift in Sources */ = {isa = PBXBuildFile; fileRef = 04B22BB7272564A2007801CD /* CorrectPasswordViewController.swift */; };
		04E5A12026A037FF000DAD7F /* User.swift in Sources */ = {isa = PBXBuildFile; fileRef = 04E5A11F26A037FF000DAD7F /* User.swift */; };
		04E5A12226A038CB000DAD7F /* DataServiceType.swift in Sources */ = {isa = PBXBuildFile; fileRef = 04E5A12126A038CB000DAD7F /* DataServiceType.swift */; };
		04E5A12426A03ABE000DAD7F /* Project.swift in Sources */ = {isa = PBXBuildFile; fileRef = 04E5A12326A03ABE000DAD7F /* Project.swift */; };
		04E5A12626A0405F000DAD7F /* DataService.swift in Sources */ = {isa = PBXBuildFile; fileRef = 04E5A12526A0405F000DAD7F /* DataService.swift */; };
		04E5A12826A047A6000DAD7F /* ProjectListViewModel.swift in Sources */ = {isa = PBXBuildFile; fileRef = 04E5A12726A047A6000DAD7F /* ProjectListViewModel.swift */; };
		04E5A12C26A047F9000DAD7F /* UploadImageViewModel.swift in Sources */ = {isa = PBXBuildFile; fileRef = 04E5A12B26A047F9000DAD7F /* UploadImageViewModel.swift */; };
		04E5A13026A04B7F000DAD7F /* LoginViewModel.swift in Sources */ = {isa = PBXBuildFile; fileRef = 04E5A12F26A04B7F000DAD7F /* LoginViewModel.swift */; };
		04EE8E5D27316A1000A28B34 /* image_default.png in Resources */ = {isa = PBXBuildFile; fileRef = 04EE8E5C27316A1000A28B34 /* image_default.png */; };
		2F9CB4B427253A1E00476A90 /* ViewCoordinator.swift in Sources */ = {isa = PBXBuildFile; fileRef = 2F9CB4B327253A1E00476A90 /* ViewCoordinator.swift */; };
		2F9CB4B62725409200476A90 /* Models.scnassets in Resources */ = {isa = PBXBuildFile; fileRef = 2F9CB4B52725409200476A90 /* Models.scnassets */; };
		2F9CB4B9272541C600476A90 /* data.json in Resources */ = {isa = PBXBuildFile; fileRef = 2F9CB4B7272541C600476A90 /* data.json */; };
		2F9CB4BA272541C600476A90 /* coordinates.json in Resources */ = {isa = PBXBuildFile; fileRef = 2F9CB4B8272541C600476A90 /* coordinates.json */; };
		2F9CB4BC272542E500476A90 /* IOSurface.framework in Frameworks */ = {isa = PBXBuildFile; fileRef = 2F9CB4BB272542E500476A90 /* IOSurface.framework */; };
		2F9CB4BE272550B300476A90 /* ProjectNameInputPopUp.swift in Sources */ = {isa = PBXBuildFile; fileRef = 2F9CB4BD272550B300476A90 /* ProjectNameInputPopUp.swift */; };
		2FCE86652725397E002100FA /* ObjectSelectViewModel.swift in Sources */ = {isa = PBXBuildFile; fileRef = 2FCE86612725397E002100FA /* ObjectSelectViewModel.swift */; };
		2FCE86662725397E002100FA /* ImageListViewModel.swift in Sources */ = {isa = PBXBuildFile; fileRef = 2FCE86622725397E002100FA /* ImageListViewModel.swift */; };
		2FCE86672725397E002100FA /* ObjectCellModel.swift in Sources */ = {isa = PBXBuildFile; fileRef = 2FCE86632725397E002100FA /* ObjectCellModel.swift */; };
		2FCE86682725397E002100FA /* ARViewModel.swift in Sources */ = {isa = PBXBuildFile; fileRef = 2FCE86642725397E002100FA /* ARViewModel.swift */; };
		2FCE866C27253996002100FA /* ImageListViewController.swift in Sources */ = {isa = PBXBuildFile; fileRef = 2FCE866927253996002100FA /* ImageListViewController.swift */; };
		2FCE866D27253996002100FA /* ARViewController.swift in Sources */ = {isa = PBXBuildFile; fileRef = 2FCE866A27253996002100FA /* ARViewController.swift */; };
		2FCE866E27253996002100FA /* ObjectSelectViewController.swift in Sources */ = {isa = PBXBuildFile; fileRef = 2FCE866B27253996002100FA /* ObjectSelectViewController.swift */; };
		2FCE8671272539AF002100FA /* ImageListCell.swift in Sources */ = {isa = PBXBuildFile; fileRef = 2FCE866F272539AF002100FA /* ImageListCell.swift */; };
		2FCE8672272539AF002100FA /* ObjectSelectionCell.swift in Sources */ = {isa = PBXBuildFile; fileRef = 2FCE8670272539AF002100FA /* ObjectSelectionCell.swift */; };
		2FCE867E272539B9002100FA /* VirtualObjectInteraction.swift in Sources */ = {isa = PBXBuildFile; fileRef = 2FCE8675272539B9002100FA /* VirtualObjectInteraction.swift */; };
		2FCE867F272539B9002100FA /* VirtualObjectLoader.swift in Sources */ = {isa = PBXBuildFile; fileRef = 2FCE8676272539B9002100FA /* VirtualObjectLoader.swift */; };
		2FCE8680272539B9002100FA /* ThresholdPanGesture.swift in Sources */ = {isa = PBXBuildFile; fileRef = 2FCE8677272539B9002100FA /* ThresholdPanGesture.swift */; };
		2FCE8681272539B9002100FA /* VirtualObject.swift in Sources */ = {isa = PBXBuildFile; fileRef = 2FCE8678272539B9002100FA /* VirtualObject.swift */; };
		2FCE8682272539B9002100FA /* VirtualObjectARView.swift in Sources */ = {isa = PBXBuildFile; fileRef = 2FCE867A272539B9002100FA /* VirtualObjectARView.swift */; };
		2FCE8683272539B9002100FA /* FocusSquareSegment.swift in Sources */ = {isa = PBXBuildFile; fileRef = 2FCE867C272539B9002100FA /* FocusSquareSegment.swift */; };
		2FCE8684272539B9002100FA /* FocusSquare.swift in Sources */ = {isa = PBXBuildFile; fileRef = 2FCE867D272539B9002100FA /* FocusSquare.swift */; };
		2FCE868B272539C5002100FA /* Utilities.swift in Sources */ = {isa = PBXBuildFile; fileRef = 2FCE8686272539C5002100FA /* Utilities.swift */; };
		2FCE868C272539C5002100FA /* FunctionClass.swift in Sources */ = {isa = PBXBuildFile; fileRef = 2FCE8687272539C5002100FA /* FunctionClass.swift */; };
		2FCE868D272539C5002100FA /* ToastView.swift in Sources */ = {isa = PBXBuildFile; fileRef = 2FCE8688272539C5002100FA /* ToastView.swift */; };
		2FCE868E272539C5002100FA /* ThumbnailGenerator.swift in Sources */ = {isa = PBXBuildFile; fileRef = 2FCE8689272539C5002100FA /* ThumbnailGenerator.swift */; };
		2FCE868F272539C5002100FA /* Extensions.swift in Sources */ = {isa = PBXBuildFile; fileRef = 2FCE868A272539C5002100FA /* Extensions.swift */; };
		A0CD83CAFEA2F24738F9A1C6 /* Pods_GProject.framework in Frameworks */ = {isa = PBXBuildFile; fileRef = 7922E9723ECA5E2BEB2676E9 /* Pods_GProject.framework */; };
/* End PBXBuildFile section */

/* Begin PBXContainerItemProxy section */
		0417653626A86DEC00E2C4F7 /* PBXContainerItemProxy */ = {
			isa = PBXContainerItemProxy;
			containerPortal = 0449D7EA269AF03700BCC781 /* Project object */;
			proxyType = 1;
			remoteGlobalIDString = 0449D7F1269AF03700BCC781;
			remoteInfo = GProject;
		};
		04AE242B26B78C8B005F11F2 /* PBXContainerItemProxy */ = {
			isa = PBXContainerItemProxy;
			containerPortal = 0449D7EA269AF03700BCC781 /* Project object */;
			proxyType = 1;
			remoteGlobalIDString = 0449D7F1269AF03700BCC781;
			remoteInfo = GProject;
		};
/* End PBXContainerItemProxy section */

/* Begin PBXFileReference section */
		0417652526A5052C00E2C4F7 /* NeighborTableViewCell.swift */ = {isa = PBXFileReference; lastKnownFileType = sourcecode.swift; path = NeighborTableViewCell.swift; sourceTree = "<group>"; };
		0417652726A50E9900E2C4F7 /* UploadImageViewController.swift */ = {isa = PBXFileReference; lastKnownFileType = sourcecode.swift; path = UploadImageViewController.swift; sourceTree = "<group>"; };
		0417652B26A6D72600E2C4F7 /* TokenUtils.swift */ = {isa = PBXFileReference; lastKnownFileType = sourcecode.swift; path = TokenUtils.swift; sourceTree = "<group>"; };
		0417653126A86DEC00E2C4F7 /* GProjectTests.xctest */ = {isa = PBXFileReference; explicitFileType = wrapper.cfbundle; includeInIndex = 0; path = GProjectTests.xctest; sourceTree = BUILT_PRODUCTS_DIR; };
		0417653326A86DEC00E2C4F7 /* GProjectTests.swift */ = {isa = PBXFileReference; lastKnownFileType = sourcecode.swift; path = GProjectTests.swift; sourceTree = "<group>"; };
		0417653526A86DEC00E2C4F7 /* Info.plist */ = {isa = PBXFileReference; lastKnownFileType = text.plist.xml; path = Info.plist; sourceTree = "<group>"; };
		0417653B26B38E5E00E2C4F7 /* Table.swift */ = {isa = PBXFileReference; lastKnownFileType = sourcecode.swift; path = Table.swift; sourceTree = "<group>"; };
		0431E61E272A685B00C75B68 /* CorrectPasswordViewModel.swift */ = {isa = PBXFileReference; lastKnownFileType = sourcecode.swift; path = CorrectPasswordViewModel.swift; sourceTree = "<group>"; };
		04328B0127250CED00186DD1 /* addImage.png */ = {isa = PBXFileReference; lastKnownFileType = image.png; path = addImage.png; sourceTree = "<group>"; };
		04328B032725304600186DD1 /* SettingViewController.swift */ = {isa = PBXFileReference; lastKnownFileType = sourcecode.swift; path = SettingViewController.swift; sourceTree = "<group>"; };
		04328B052725346400186DD1 /* SettingViewModel.swift */ = {isa = PBXFileReference; lastKnownFileType = sourcecode.swift; path = SettingViewModel.swift; sourceTree = "<group>"; };
		04335E78281AF92E00BA765C /* ProjectHeaderReusableView.swift */ = {isa = PBXFileReference; lastKnownFileType = sourcecode.swift; path = ProjectHeaderReusableView.swift; sourceTree = "<group>"; };
		04335E7A281AFA0F00BA765C /* AddingProjectButton.swift */ = {isa = PBXFileReference; lastKnownFileType = sourcecode.swift; path = AddingProjectButton.swift; sourceTree = "<group>"; };
		04335E7C281B7AC400BA765C /* TabBarViewController.swift */ = {isa = PBXFileReference; lastKnownFileType = sourcecode.swift; path = TabBarViewController.swift; sourceTree = "<group>"; };
		04335E7E281B7FBC00BA765C /* NeighborListViewController.swift */ = {isa = PBXFileReference; lastKnownFileType = sourcecode.swift; path = NeighborListViewController.swift; sourceTree = "<group>"; };
		04335E80281BA8A000BA765C /* NeighborListViewModel.swift */ = {isa = PBXFileReference; lastKnownFileType = sourcecode.swift; path = NeighborListViewModel.swift; sourceTree = "<group>"; };
		04335E82281BAD1300BA765C /* NeighborNoticeViewController.swift */ = {isa = PBXFileReference; lastKnownFileType = sourcecode.swift; path = NeighborNoticeViewController.swift; sourceTree = "<group>"; };
		04335E84281BAD3B00BA765C /* NeighborSearchViewController.swift */ = {isa = PBXFileReference; lastKnownFileType = sourcecode.swift; path = NeighborSearchViewController.swift; sourceTree = "<group>"; };
		04335E86281BB04000BA765C /* SearchBarView.swift */ = {isa = PBXFileReference; lastKnownFileType = sourcecode.swift; path = SearchBarView.swift; sourceTree = "<group>"; };
		04335E89281BE7B500BA765C /* UIColor+Ext.swift */ = {isa = PBXFileReference; lastKnownFileType = sourcecode.swift; path = "UIColor+Ext.swift"; sourceTree = "<group>"; };
		04335E8B281BF2C800BA765C /* NeighborProjectListViewController.swift */ = {isa = PBXFileReference; lastKnownFileType = sourcecode.swift; path = NeighborProjectListViewController.swift; sourceTree = "<group>"; };
		04335E8D281BF32C00BA765C /* NeighborProjectListViewModel.swift */ = {isa = PBXFileReference; lastKnownFileType = sourcecode.swift; path = NeighborProjectListViewModel.swift; sourceTree = "<group>"; };
		04335E90281C2F6E00BA765C /* Home.png */ = {isa = PBXFileReference; lastKnownFileType = image.png; path = Home.png; sourceTree = "<group>"; };
		04335E92281C2F7B00BA765C /* Neighbor.png */ = {isa = PBXFileReference; lastKnownFileType = image.png; path = Neighbor.png; sourceTree = "<group>"; };
		04335E94281C2F9E00BA765C /* Back.png */ = {isa = PBXFileReference; lastKnownFileType = image.png; path = Back.png; sourceTree = "<group>"; };
		04335E96281C2FCE00BA765C /* UIImage+Ext.swift */ = {isa = PBXFileReference; lastKnownFileType = sourcecode.swift; path = "UIImage+Ext.swift"; sourceTree = "<group>"; };
		04335E98281C306D00BA765C /* Search.png */ = {isa = PBXFileReference; lastKnownFileType = image.png; path = Search.png; sourceTree = "<group>"; };
		04335E9A281C318100BA765C /* Notice.png */ = {isa = PBXFileReference; lastKnownFileType = image.png; path = Notice.png; sourceTree = "<group>"; };
		04435F30269B16EF00030944 /* kakao_login_medium_narrow.png */ = {isa = PBXFileReference; lastKnownFileType = image.png; path = kakao_login_medium_narrow.png; sourceTree = "<group>"; };
		04435F32269B25D200030944 /* kakao_signup_medium_narrow.png */ = {isa = PBXFileReference; lastKnownFileType = image.png; path = kakao_signup_medium_narrow.png; sourceTree = "<group>"; };
		04435F34269B56F700030944 /* ProjectListViewController.swift */ = {isa = PBXFileReference; lastKnownFileType = sourcecode.swift; path = ProjectListViewController.swift; sourceTree = "<group>"; };
		0449D7F2269AF03700BCC781 /* GProject.app */ = {isa = PBXFileReference; explicitFileType = wrapper.application; includeInIndex = 0; path = GProject.app; sourceTree = BUILT_PRODUCTS_DIR; };
		0449D7F5269AF03700BCC781 /* AppDelegate.swift */ = {isa = PBXFileReference; lastKnownFileType = sourcecode.swift; path = AppDelegate.swift; sourceTree = "<group>"; };
		0449D7F7269AF03700BCC781 /* SceneDelegate.swift */ = {isa = PBXFileReference; lastKnownFileType = sourcecode.swift; path = SceneDelegate.swift; sourceTree = "<group>"; };
		0449D7F9269AF03700BCC781 /* LoginViewController.swift */ = {isa = PBXFileReference; lastKnownFileType = sourcecode.swift; path = LoginViewController.swift; sourceTree = "<group>"; };
		0449D7FF269AF03700BCC781 /* GProject.xcdatamodel */ = {isa = PBXFileReference; lastKnownFileType = wrapper.xcdatamodel; path = GProject.xcdatamodel; sourceTree = "<group>"; };
		0449D801269AF03800BCC781 /* Assets.xcassets */ = {isa = PBXFileReference; lastKnownFileType = folder.assetcatalog; path = Assets.xcassets; sourceTree = "<group>"; };
		0449D804269AF03800BCC781 /* Base */ = {isa = PBXFileReference; lastKnownFileType = file.storyboard; name = Base; path = Base.lproj/LaunchScreen.storyboard; sourceTree = "<group>"; };
		0449D806269AF03800BCC781 /* Info.plist */ = {isa = PBXFileReference; lastKnownFileType = text.plist.xml; path = Info.plist; sourceTree = "<group>"; };
		0475375D281674B800E4300A /* UserEndpointCases.swift */ = {isa = PBXFileReference; lastKnownFileType = sourcecode.swift; path = UserEndpointCases.swift; sourceTree = "<group>"; };
		0475375F2816752400E4300A /* ProjectEndpointCases.swift */ = {isa = PBXFileReference; lastKnownFileType = sourcecode.swift; path = ProjectEndpointCases.swift; sourceTree = "<group>"; };
		047537622818CC6500E4300A /* EndPoint.swift */ = {isa = PBXFileReference; lastKnownFileType = sourcecode.swift; path = EndPoint.swift; sourceTree = "<group>"; };
		047537642818D14D00E4300A /* NetworkError.swift */ = {isa = PBXFileReference; lastKnownFileType = sourcecode.swift; path = NetworkError.swift; sourceTree = "<group>"; };
		047537662818D16D00E4300A /* Service.swift */ = {isa = PBXFileReference; lastKnownFileType = sourcecode.swift; path = Service.swift; sourceTree = "<group>"; };
		047537682818FFCC00E4300A /* NeighborEndpointCases.swift */ = {isa = PBXFileReference; lastKnownFileType = sourcecode.swift; path = NeighborEndpointCases.swift; sourceTree = "<group>"; };
		0475376A2818FFEF00E4300A /* ProjectShareEndpointCases.swift */ = {isa = PBXFileReference; lastKnownFileType = sourcecode.swift; path = ProjectShareEndpointCases.swift; sourceTree = "<group>"; };
		0475376D281910AD00E4300A /* UserService.swift */ = {isa = PBXFileReference; lastKnownFileType = sourcecode.swift; path = UserService.swift; sourceTree = "<group>"; };
		0475376F281914A800E4300A /* ProjectService.swift */ = {isa = PBXFileReference; lastKnownFileType = sourcecode.swift; path = ProjectService.swift; sourceTree = "<group>"; };
		04753771281914B800E4300A /* NeighborService.swift */ = {isa = PBXFileReference; lastKnownFileType = sourcecode.swift; path = NeighborService.swift; sourceTree = "<group>"; };
		04753773281914D600E4300A /* ProjectShareService.swift */ = {isa = PBXFileReference; lastKnownFileType = sourcecode.swift; path = ProjectShareService.swift; sourceTree = "<group>"; };
		04753775281A61AF00E4300A /* Neighbor.swift */ = {isa = PBXFileReference; lastKnownFileType = sourcecode.swift; path = Neighbor.swift; sourceTree = "<group>"; };
		04753777281A655800E4300A /* Share.swift */ = {isa = PBXFileReference; lastKnownFileType = sourcecode.swift; path = Share.swift; sourceTree = "<group>"; };
		047946E82711B1070092C880 /* RegisterViewModel.swift */ = {isa = PBXFileReference; lastKnownFileType = sourcecode.swift; path = RegisterViewModel.swift; sourceTree = "<group>"; };
		04813D4826D5DDDC0083A3EE /* ProjectCell.swift */ = {isa = PBXFileReference; lastKnownFileType = sourcecode.swift; path = ProjectCell.swift; sourceTree = "<group>"; };
		04813D4A26D683AA0083A3EE /* RegisterViewController.swift */ = {isa = PBXFileReference; lastKnownFileType = sourcecode.swift; path = RegisterViewController.swift; sourceTree = "<group>"; };
		04AE242626B78C8B005F11F2 /* GProjectUITests.xctest */ = {isa = PBXFileReference; explicitFileType = wrapper.cfbundle; includeInIndex = 0; path = GProjectUITests.xctest; sourceTree = BUILT_PRODUCTS_DIR; };
		04AE242826B78C8B005F11F2 /* GProjectUITests.swift */ = {isa = PBXFileReference; lastKnownFileType = sourcecode.swift; path = GProjectUITests.swift; sourceTree = "<group>"; };
		04AE242A26B78C8B005F11F2 /* Info.plist */ = {isa = PBXFileReference; lastKnownFileType = text.plist.xml; path = Info.plist; sourceTree = "<group>"; };
		04B22BB327255366007801CD /* PersonalInfoViewController.swift */ = {isa = PBXFileReference; lastKnownFileType = sourcecode.swift; path = PersonalInfoViewController.swift; sourceTree = "<group>"; };
		04B22BB52725543C007801CD /* PersonalInfoViewModel.swift */ = {isa = PBXFileReference; lastKnownFileType = sourcecode.swift; path = PersonalInfoViewModel.swift; sourceTree = "<group>"; };
		04B22BB7272564A2007801CD /* CorrectPasswordViewController.swift */ = {isa = PBXFileReference; lastKnownFileType = sourcecode.swift; path = CorrectPasswordViewController.swift; sourceTree = "<group>"; };
		04E5A11F26A037FF000DAD7F /* User.swift */ = {isa = PBXFileReference; lastKnownFileType = sourcecode.swift; path = User.swift; sourceTree = "<group>"; };
		04E5A12126A038CB000DAD7F /* DataServiceType.swift */ = {isa = PBXFileReference; lastKnownFileType = sourcecode.swift; path = DataServiceType.swift; sourceTree = "<group>"; };
		04E5A12326A03ABE000DAD7F /* Project.swift */ = {isa = PBXFileReference; lastKnownFileType = sourcecode.swift; path = Project.swift; sourceTree = "<group>"; };
		04E5A12526A0405F000DAD7F /* DataService.swift */ = {isa = PBXFileReference; lastKnownFileType = sourcecode.swift; path = DataService.swift; sourceTree = "<group>"; };
		04E5A12726A047A6000DAD7F /* ProjectListViewModel.swift */ = {isa = PBXFileReference; lastKnownFileType = sourcecode.swift; path = ProjectListViewModel.swift; sourceTree = "<group>"; };
		04E5A12B26A047F9000DAD7F /* UploadImageViewModel.swift */ = {isa = PBXFileReference; lastKnownFileType = sourcecode.swift; path = UploadImageViewModel.swift; sourceTree = "<group>"; };
		04E5A12F26A04B7F000DAD7F /* LoginViewModel.swift */ = {isa = PBXFileReference; lastKnownFileType = sourcecode.swift; path = LoginViewModel.swift; sourceTree = "<group>"; };
		04EE8E5C27316A1000A28B34 /* image_default.png */ = {isa = PBXFileReference; lastKnownFileType = image.png; path = image_default.png; sourceTree = "<group>"; };
		2F9CB4B327253A1E00476A90 /* ViewCoordinator.swift */ = {isa = PBXFileReference; fileEncoding = 4; lastKnownFileType = sourcecode.swift; path = ViewCoordinator.swift; sourceTree = "<group>"; };
		2F9CB4B52725409200476A90 /* Models.scnassets */ = {isa = PBXFileReference; lastKnownFileType = wrapper.scnassets; path = Models.scnassets; sourceTree = "<group>"; };
		2F9CB4B7272541C600476A90 /* data.json */ = {isa = PBXFileReference; fileEncoding = 4; lastKnownFileType = text.json; path = data.json; sourceTree = "<group>"; };
		2F9CB4B8272541C600476A90 /* coordinates.json */ = {isa = PBXFileReference; fileEncoding = 4; lastKnownFileType = text.json; path = coordinates.json; sourceTree = "<group>"; };
		2F9CB4BB272542E500476A90 /* IOSurface.framework */ = {isa = PBXFileReference; lastKnownFileType = wrapper.framework; name = IOSurface.framework; path = System/Library/Frameworks/IOSurface.framework; sourceTree = SDKROOT; };
		2F9CB4BD272550B300476A90 /* ProjectNameInputPopUp.swift */ = {isa = PBXFileReference; lastKnownFileType = sourcecode.swift; path = ProjectNameInputPopUp.swift; sourceTree = "<group>"; };
		2FCE86612725397E002100FA /* ObjectSelectViewModel.swift */ = {isa = PBXFileReference; fileEncoding = 4; lastKnownFileType = sourcecode.swift; path = ObjectSelectViewModel.swift; sourceTree = "<group>"; };
		2FCE86622725397E002100FA /* ImageListViewModel.swift */ = {isa = PBXFileReference; fileEncoding = 4; lastKnownFileType = sourcecode.swift; path = ImageListViewModel.swift; sourceTree = "<group>"; };
		2FCE86632725397E002100FA /* ObjectCellModel.swift */ = {isa = PBXFileReference; fileEncoding = 4; lastKnownFileType = sourcecode.swift; path = ObjectCellModel.swift; sourceTree = "<group>"; };
		2FCE86642725397E002100FA /* ARViewModel.swift */ = {isa = PBXFileReference; fileEncoding = 4; lastKnownFileType = sourcecode.swift; path = ARViewModel.swift; sourceTree = "<group>"; };
		2FCE866927253996002100FA /* ImageListViewController.swift */ = {isa = PBXFileReference; fileEncoding = 4; lastKnownFileType = sourcecode.swift; path = ImageListViewController.swift; sourceTree = "<group>"; };
		2FCE866A27253996002100FA /* ARViewController.swift */ = {isa = PBXFileReference; fileEncoding = 4; lastKnownFileType = sourcecode.swift; path = ARViewController.swift; sourceTree = "<group>"; };
		2FCE866B27253996002100FA /* ObjectSelectViewController.swift */ = {isa = PBXFileReference; fileEncoding = 4; lastKnownFileType = sourcecode.swift; path = ObjectSelectViewController.swift; sourceTree = "<group>"; };
		2FCE866F272539AF002100FA /* ImageListCell.swift */ = {isa = PBXFileReference; fileEncoding = 4; lastKnownFileType = sourcecode.swift; path = ImageListCell.swift; sourceTree = "<group>"; };
		2FCE8670272539AF002100FA /* ObjectSelectionCell.swift */ = {isa = PBXFileReference; fileEncoding = 4; lastKnownFileType = sourcecode.swift; path = ObjectSelectionCell.swift; sourceTree = "<group>"; };
		2FCE8675272539B9002100FA /* VirtualObjectInteraction.swift */ = {isa = PBXFileReference; fileEncoding = 4; lastKnownFileType = sourcecode.swift; path = VirtualObjectInteraction.swift; sourceTree = "<group>"; };
		2FCE8676272539B9002100FA /* VirtualObjectLoader.swift */ = {isa = PBXFileReference; fileEncoding = 4; lastKnownFileType = sourcecode.swift; path = VirtualObjectLoader.swift; sourceTree = "<group>"; };
		2FCE8677272539B9002100FA /* ThresholdPanGesture.swift */ = {isa = PBXFileReference; fileEncoding = 4; lastKnownFileType = sourcecode.swift; path = ThresholdPanGesture.swift; sourceTree = "<group>"; };
		2FCE8678272539B9002100FA /* VirtualObject.swift */ = {isa = PBXFileReference; fileEncoding = 4; lastKnownFileType = sourcecode.swift; path = VirtualObject.swift; sourceTree = "<group>"; };
		2FCE867A272539B9002100FA /* VirtualObjectARView.swift */ = {isa = PBXFileReference; fileEncoding = 4; lastKnownFileType = sourcecode.swift; path = VirtualObjectARView.swift; sourceTree = "<group>"; };
		2FCE867C272539B9002100FA /* FocusSquareSegment.swift */ = {isa = PBXFileReference; fileEncoding = 4; lastKnownFileType = sourcecode.swift; path = FocusSquareSegment.swift; sourceTree = "<group>"; };
		2FCE867D272539B9002100FA /* FocusSquare.swift */ = {isa = PBXFileReference; fileEncoding = 4; lastKnownFileType = sourcecode.swift; path = FocusSquare.swift; sourceTree = "<group>"; };
		2FCE8686272539C5002100FA /* Utilities.swift */ = {isa = PBXFileReference; fileEncoding = 4; lastKnownFileType = sourcecode.swift; path = Utilities.swift; sourceTree = "<group>"; };
		2FCE8687272539C5002100FA /* FunctionClass.swift */ = {isa = PBXFileReference; fileEncoding = 4; lastKnownFileType = sourcecode.swift; path = FunctionClass.swift; sourceTree = "<group>"; };
		2FCE8688272539C5002100FA /* ToastView.swift */ = {isa = PBXFileReference; fileEncoding = 4; lastKnownFileType = sourcecode.swift; path = ToastView.swift; sourceTree = "<group>"; };
		2FCE8689272539C5002100FA /* ThumbnailGenerator.swift */ = {isa = PBXFileReference; fileEncoding = 4; lastKnownFileType = sourcecode.swift; path = ThumbnailGenerator.swift; sourceTree = "<group>"; };
		2FCE868A272539C5002100FA /* Extensions.swift */ = {isa = PBXFileReference; fileEncoding = 4; lastKnownFileType = sourcecode.swift; path = Extensions.swift; sourceTree = "<group>"; };
		744122E7DCE79E6D712AD10A /* Pods-GProject.debug.xcconfig */ = {isa = PBXFileReference; includeInIndex = 1; lastKnownFileType = text.xcconfig; name = "Pods-GProject.debug.xcconfig"; path = "Target Support Files/Pods-GProject/Pods-GProject.debug.xcconfig"; sourceTree = "<group>"; };
		7922E9723ECA5E2BEB2676E9 /* Pods_GProject.framework */ = {isa = PBXFileReference; explicitFileType = wrapper.framework; includeInIndex = 0; path = Pods_GProject.framework; sourceTree = BUILT_PRODUCTS_DIR; };
		C2568CFD443ECB92C4CAF712 /* Pods-GProject.release.xcconfig */ = {isa = PBXFileReference; includeInIndex = 1; lastKnownFileType = text.xcconfig; name = "Pods-GProject.release.xcconfig"; path = "Target Support Files/Pods-GProject/Pods-GProject.release.xcconfig"; sourceTree = "<group>"; };
/* End PBXFileReference section */

/* Begin PBXFrameworksBuildPhase section */
		0417652E26A86DEC00E2C4F7 /* Frameworks */ = {
			isa = PBXFrameworksBuildPhase;
			buildActionMask = 2147483647;
			files = (
			);
			runOnlyForDeploymentPostprocessing = 0;
		};
		0449D7EF269AF03700BCC781 /* Frameworks */ = {
			isa = PBXFrameworksBuildPhase;
			buildActionMask = 2147483647;
			files = (
				2F9CB4BC272542E500476A90 /* IOSurface.framework in Frameworks */,
				A0CD83CAFEA2F24738F9A1C6 /* Pods_GProject.framework in Frameworks */,
			);
			runOnlyForDeploymentPostprocessing = 0;
		};
		04AE242326B78C8B005F11F2 /* Frameworks */ = {
			isa = PBXFrameworksBuildPhase;
			buildActionMask = 2147483647;
			files = (
			);
			runOnlyForDeploymentPostprocessing = 0;
		};
/* End PBXFrameworksBuildPhase section */

/* Begin PBXGroup section */
		0417652426A5050900E2C4F7 /* View */ = {
			isa = PBXGroup;
			children = (
				0417652526A5052C00E2C4F7 /* NeighborTableViewCell.swift */,
				2FCE866F272539AF002100FA /* ImageListCell.swift */,
				2FCE8670272539AF002100FA /* ObjectSelectionCell.swift */,
				04813D4826D5DDDC0083A3EE /* ProjectCell.swift */,
				2F9CB4BD272550B300476A90 /* ProjectNameInputPopUp.swift */,
				04335E78281AF92E00BA765C /* ProjectHeaderReusableView.swift */,
				04335E7A281AFA0F00BA765C /* AddingProjectButton.swift */,
				04335E86281BB04000BA765C /* SearchBarView.swift */,
			);
			path = View;
			sourceTree = "<group>";
		};
		0417653226A86DEC00E2C4F7 /* GProjectTests */ = {
			isa = PBXGroup;
			children = (
				0417653326A86DEC00E2C4F7 /* GProjectTests.swift */,
				0417653526A86DEC00E2C4F7 /* Info.plist */,
			);
			path = GProjectTests;
			sourceTree = "<group>";
		};
		04335E88281BE7A800BA765C /* Extension */ = {
			isa = PBXGroup;
			children = (
				04335E89281BE7B500BA765C /* UIColor+Ext.swift */,
				04335E96281C2FCE00BA765C /* UIImage+Ext.swift */,
			);
			path = Extension;
			sourceTree = "<group>";
		};
		04435F2F269B16D100030944 /* icon */ = {
			isa = PBXGroup;
			children = (
				04335E9A281C318100BA765C /* Notice.png */,
				04335E98281C306D00BA765C /* Search.png */,
				04335E94281C2F9E00BA765C /* Back.png */,
				04335E92281C2F7B00BA765C /* Neighbor.png */,
				04335E90281C2F6E00BA765C /* Home.png */,
				04EE8E5C27316A1000A28B34 /* image_default.png */,
				04328B0127250CED00186DD1 /* addImage.png */,
				04435F32269B25D200030944 /* kakao_signup_medium_narrow.png */,
				04435F30269B16EF00030944 /* kakao_login_medium_narrow.png */,
			);
			path = icon;
			sourceTree = "<group>";
		};
		0449D7E9269AF03700BCC781 = {
			isa = PBXGroup;
			children = (
				0449D7F4269AF03700BCC781 /* GProject */,
				0417653226A86DEC00E2C4F7 /* GProjectTests */,
				04AE242726B78C8B005F11F2 /* GProjectUITests */,
				0449D7F3269AF03700BCC781 /* Products */,
				2DDF2BBA2524199492BD7EC0 /* Pods */,
				E5E455EA70A9B12AB91CC53E /* Frameworks */,
			);
			sourceTree = "<group>";
		};
		0449D7F3269AF03700BCC781 /* Products */ = {
			isa = PBXGroup;
			children = (
				0449D7F2269AF03700BCC781 /* GProject.app */,
				0417653126A86DEC00E2C4F7 /* GProjectTests.xctest */,
				04AE242626B78C8B005F11F2 /* GProjectUITests.xctest */,
			);
			name = Products;
			sourceTree = "<group>";
		};
		0449D7F4269AF03700BCC781 /* GProject */ = {
			isa = PBXGroup;
			children = (
				04335E88281BE7A800BA765C /* Extension */,
				2FCE8673272539B9002100FA /* ARfiles */,
				2F9CB4B227253A1E00476A90 /* Coordinator */,
				0417652426A5050900E2C4F7 /* View */,
				04E5A11E26A03776000DAD7F /* Delegate */,
				04E5A11D26A0375E000DAD7F /* Service */,
				04E5A11C26A03749000DAD7F /* ViewModel */,
				04E5A11A26A03726000DAD7F /* ViewController */,
				04E5A11926A0371B000DAD7F /* Model */,
				2F9CB4B52725409200476A90 /* Models.scnassets */,
				0449D801269AF03800BCC781 /* Assets.xcassets */,
				04435F2F269B16D100030944 /* icon */,
				0449D803269AF03800BCC781 /* LaunchScreen.storyboard */,
				0449D806269AF03800BCC781 /* Info.plist */,
				0449D7FE269AF03700BCC781 /* GProject.xcdatamodeld */,
				2F9CB4B8272541C600476A90 /* coordinates.json */,
				2F9CB4B7272541C600476A90 /* data.json */,
				2FCE8685272539C5002100FA /* Utils */,
			);
			path = GProject;
			sourceTree = "<group>";
		};
		0475375C2816749400E4300A /* EndpointCases */ = {
			isa = PBXGroup;
			children = (
				0475375D281674B800E4300A /* UserEndpointCases.swift */,
				0475375F2816752400E4300A /* ProjectEndpointCases.swift */,
				047537682818FFCC00E4300A /* NeighborEndpointCases.swift */,
				0475376A2818FFEF00E4300A /* ProjectShareEndpointCases.swift */,
			);
			path = EndpointCases;
			sourceTree = "<group>";
		};
		047537612818CC5400E4300A /* Core */ = {
			isa = PBXGroup;
			children = (
				0417652B26A6D72600E2C4F7 /* TokenUtils.swift */,
				047537622818CC6500E4300A /* EndPoint.swift */,
				047537642818D14D00E4300A /* NetworkError.swift */,
				047537662818D16D00E4300A /* Service.swift */,
			);
			path = Core;
			sourceTree = "<group>";
		};
		0475376C2819106400E4300A /* DataServices */ = {
			isa = PBXGroup;
			children = (
				0475376D281910AD00E4300A /* UserService.swift */,
				0475376F281914A800E4300A /* ProjectService.swift */,
				04753771281914B800E4300A /* NeighborService.swift */,
				04753773281914D600E4300A /* ProjectShareService.swift */,
			);
			path = DataServices;
			sourceTree = "<group>";
		};
		04AE242726B78C8B005F11F2 /* GProjectUITests */ = {
			isa = PBXGroup;
			children = (
				04AE242826B78C8B005F11F2 /* GProjectUITests.swift */,
				04AE242A26B78C8B005F11F2 /* Info.plist */,
			);
			path = GProjectUITests;
			sourceTree = "<group>";
		};
		04E5A11926A0371B000DAD7F /* Model */ = {
			isa = PBXGroup;
			children = (
				04E5A11F26A037FF000DAD7F /* User.swift */,
				04E5A12326A03ABE000DAD7F /* Project.swift */,
				0417653B26B38E5E00E2C4F7 /* Table.swift */,
				04753775281A61AF00E4300A /* Neighbor.swift */,
				04753777281A655800E4300A /* Share.swift */,
			);
			path = Model;
			sourceTree = "<group>";
		};
		04E5A11A26A03726000DAD7F /* ViewController */ = {
			isa = PBXGroup;
			children = (
				2FCE866A27253996002100FA /* ARViewController.swift */,
				2FCE866927253996002100FA /* ImageListViewController.swift */,
				2FCE866B27253996002100FA /* ObjectSelectViewController.swift */,
				04435F34269B56F700030944 /* ProjectListViewController.swift */,
				0449D7F9269AF03700BCC781 /* LoginViewController.swift */,
				0417652726A50E9900E2C4F7 /* UploadImageViewController.swift */,
				04813D4A26D683AA0083A3EE /* RegisterViewController.swift */,
				04328B032725304600186DD1 /* SettingViewController.swift */,
				04B22BB327255366007801CD /* PersonalInfoViewController.swift */,
				04B22BB7272564A2007801CD /* CorrectPasswordViewController.swift */,
				04335E7C281B7AC400BA765C /* TabBarViewController.swift */,
				04335E7E281B7FBC00BA765C /* NeighborListViewController.swift */,
				04335E82281BAD1300BA765C /* NeighborNoticeViewController.swift */,
				04335E84281BAD3B00BA765C /* NeighborSearchViewController.swift */,
				04335E8B281BF2C800BA765C /* NeighborProjectListViewController.swift */,
			);
			path = ViewController;
			sourceTree = "<group>";
		};
		04E5A11C26A03749000DAD7F /* ViewModel */ = {
			isa = PBXGroup;
			children = (
				04E5A12726A047A6000DAD7F /* ProjectListViewModel.swift */,
				04E5A12B26A047F9000DAD7F /* UploadImageViewModel.swift */,
				04E5A12F26A04B7F000DAD7F /* LoginViewModel.swift */,
				2FCE86642725397E002100FA /* ARViewModel.swift */,
				2FCE86622725397E002100FA /* ImageListViewModel.swift */,
				2FCE86632725397E002100FA /* ObjectCellModel.swift */,
				2FCE86612725397E002100FA /* ObjectSelectViewModel.swift */,
				047946E82711B1070092C880 /* RegisterViewModel.swift */,
				04328B052725346400186DD1 /* SettingViewModel.swift */,
				04B22BB52725543C007801CD /* PersonalInfoViewModel.swift */,
				0431E61E272A685B00C75B68 /* CorrectPasswordViewModel.swift */,
				04335E80281BA8A000BA765C /* NeighborListViewModel.swift */,
				04335E8D281BF32C00BA765C /* NeighborProjectListViewModel.swift */,
			);
			path = ViewModel;
			sourceTree = "<group>";
		};
		04E5A11D26A0375E000DAD7F /* Service */ = {
			isa = PBXGroup;
			children = (
				0475376C2819106400E4300A /* DataServices */,
				047537612818CC5400E4300A /* Core */,
				0475375C2816749400E4300A /* EndpointCases */,
				04E5A12126A038CB000DAD7F /* DataServiceType.swift */,
				04E5A12526A0405F000DAD7F /* DataService.swift */,
			);
			path = Service;
			sourceTree = "<group>";
		};
		04E5A11E26A03776000DAD7F /* Delegate */ = {
			isa = PBXGroup;
			children = (
				0449D7F5269AF03700BCC781 /* AppDelegate.swift */,
				0449D7F7269AF03700BCC781 /* SceneDelegate.swift */,
			);
			path = Delegate;
			sourceTree = "<group>";
		};
		2DDF2BBA2524199492BD7EC0 /* Pods */ = {
			isa = PBXGroup;
			children = (
				744122E7DCE79E6D712AD10A /* Pods-GProject.debug.xcconfig */,
				C2568CFD443ECB92C4CAF712 /* Pods-GProject.release.xcconfig */,
			);
			path = Pods;
			sourceTree = "<group>";
		};
		2F9CB4B227253A1E00476A90 /* Coordinator */ = {
			isa = PBXGroup;
			children = (
				2F9CB4B327253A1E00476A90 /* ViewCoordinator.swift */,
			);
			name = Coordinator;
			path = GProject/Coordinator;
			sourceTree = SOURCE_ROOT;
		};
		2FCE8673272539B9002100FA /* ARfiles */ = {
			isa = PBXGroup;
			children = (
				2FCE8674272539B9002100FA /* VirtualObject */,
				2FCE8679272539B9002100FA /* VirtualAobjectARview */,
				2FCE867B272539B9002100FA /* FocusSquare */,
			);
			path = ARfiles;
			sourceTree = "<group>";
		};
		2FCE8674272539B9002100FA /* VirtualObject */ = {
			isa = PBXGroup;
			children = (
				2FCE8675272539B9002100FA /* VirtualObjectInteraction.swift */,
				2FCE8676272539B9002100FA /* VirtualObjectLoader.swift */,
				2FCE8677272539B9002100FA /* ThresholdPanGesture.swift */,
				2FCE8678272539B9002100FA /* VirtualObject.swift */,
			);
			path = VirtualObject;
			sourceTree = "<group>";
		};
		2FCE8679272539B9002100FA /* VirtualAobjectARview */ = {
			isa = PBXGroup;
			children = (
				2FCE867A272539B9002100FA /* VirtualObjectARView.swift */,
			);
			path = VirtualAobjectARview;
			sourceTree = "<group>";
		};
		2FCE867B272539B9002100FA /* FocusSquare */ = {
			isa = PBXGroup;
			children = (
				2FCE867C272539B9002100FA /* FocusSquareSegment.swift */,
				2FCE867D272539B9002100FA /* FocusSquare.swift */,
			);
			path = FocusSquare;
			sourceTree = "<group>";
		};
		2FCE8685272539C5002100FA /* Utils */ = {
			isa = PBXGroup;
			children = (
				2FCE8686272539C5002100FA /* Utilities.swift */,
				2FCE8687272539C5002100FA /* FunctionClass.swift */,
				2FCE8688272539C5002100FA /* ToastView.swift */,
				2FCE8689272539C5002100FA /* ThumbnailGenerator.swift */,
				2FCE868A272539C5002100FA /* Extensions.swift */,
			);
			path = Utils;
			sourceTree = "<group>";
		};
		E5E455EA70A9B12AB91CC53E /* Frameworks */ = {
			isa = PBXGroup;
			children = (
				2F9CB4BB272542E500476A90 /* IOSurface.framework */,
				7922E9723ECA5E2BEB2676E9 /* Pods_GProject.framework */,
			);
			name = Frameworks;
			sourceTree = "<group>";
		};
/* End PBXGroup section */

/* Begin PBXNativeTarget section */
		0417653026A86DEC00E2C4F7 /* GProjectTests */ = {
			isa = PBXNativeTarget;
			buildConfigurationList = 0417653A26A86DEC00E2C4F7 /* Build configuration list for PBXNativeTarget "GProjectTests" */;
			buildPhases = (
				0417652D26A86DEC00E2C4F7 /* Sources */,
				0417652E26A86DEC00E2C4F7 /* Frameworks */,
				0417652F26A86DEC00E2C4F7 /* Resources */,
			);
			buildRules = (
			);
			dependencies = (
				0417653726A86DEC00E2C4F7 /* PBXTargetDependency */,
			);
			name = GProjectTests;
			productName = GProjectTests;
			productReference = 0417653126A86DEC00E2C4F7 /* GProjectTests.xctest */;
			productType = "com.apple.product-type.bundle.unit-test";
		};
		0449D7F1269AF03700BCC781 /* GProject */ = {
			isa = PBXNativeTarget;
			buildConfigurationList = 0449D809269AF03800BCC781 /* Build configuration list for PBXNativeTarget "GProject" */;
			buildPhases = (
				910228E767A70EA6591A978A /* [CP] Check Pods Manifest.lock */,
				0449D7EE269AF03700BCC781 /* Sources */,
				0449D7EF269AF03700BCC781 /* Frameworks */,
				0449D7F0269AF03700BCC781 /* Resources */,
				F09688023938D52F677CFF4D /* [CP] Embed Pods Frameworks */,
			);
			buildRules = (
			);
			dependencies = (
			);
			name = GProject;
			productName = GProject;
			productReference = 0449D7F2269AF03700BCC781 /* GProject.app */;
			productType = "com.apple.product-type.application";
		};
		04AE242526B78C8B005F11F2 /* GProjectUITests */ = {
			isa = PBXNativeTarget;
			buildConfigurationList = 04AE242F26B78C8B005F11F2 /* Build configuration list for PBXNativeTarget "GProjectUITests" */;
			buildPhases = (
				04AE242226B78C8B005F11F2 /* Sources */,
				04AE242326B78C8B005F11F2 /* Frameworks */,
				04AE242426B78C8B005F11F2 /* Resources */,
			);
			buildRules = (
			);
			dependencies = (
				04AE242C26B78C8B005F11F2 /* PBXTargetDependency */,
			);
			name = GProjectUITests;
			productName = GProjectUITests;
			productReference = 04AE242626B78C8B005F11F2 /* GProjectUITests.xctest */;
			productType = "com.apple.product-type.bundle.ui-testing";
		};
/* End PBXNativeTarget section */

/* Begin PBXProject section */
		0449D7EA269AF03700BCC781 /* Project object */ = {
			isa = PBXProject;
			attributes = {
				LastSwiftUpdateCheck = 1250;
				LastUpgradeCheck = 1250;
				TargetAttributes = {
					0417653026A86DEC00E2C4F7 = {
						CreatedOnToolsVersion = 12.5.1;
						TestTargetID = 0449D7F1269AF03700BCC781;
					};
					0449D7F1269AF03700BCC781 = {
						CreatedOnToolsVersion = 12.5.1;
					};
					04AE242526B78C8B005F11F2 = {
						CreatedOnToolsVersion = 12.5.1;
						TestTargetID = 0449D7F1269AF03700BCC781;
					};
				};
			};
			buildConfigurationList = 0449D7ED269AF03700BCC781 /* Build configuration list for PBXProject "GProject" */;
			compatibilityVersion = "Xcode 9.3";
			developmentRegion = en;
			hasScannedForEncodings = 0;
			knownRegions = (
				en,
				Base,
			);
			mainGroup = 0449D7E9269AF03700BCC781;
			productRefGroup = 0449D7F3269AF03700BCC781 /* Products */;
			projectDirPath = "";
			projectRoot = "";
			targets = (
				0449D7F1269AF03700BCC781 /* GProject */,
				0417653026A86DEC00E2C4F7 /* GProjectTests */,
				04AE242526B78C8B005F11F2 /* GProjectUITests */,
			);
		};
/* End PBXProject section */

/* Begin PBXResourcesBuildPhase section */
		0417652F26A86DEC00E2C4F7 /* Resources */ = {
			isa = PBXResourcesBuildPhase;
			buildActionMask = 2147483647;
			files = (
			);
			runOnlyForDeploymentPostprocessing = 0;
		};
		0449D7F0269AF03700BCC781 /* Resources */ = {
			isa = PBXResourcesBuildPhase;
			buildActionMask = 2147483647;
			files = (
				04335E95281C2F9E00BA765C /* Back.png in Resources */,
				04435F31269B16EF00030944 /* kakao_login_medium_narrow.png in Resources */,
				2F9CB4B9272541C600476A90 /* data.json in Resources */,
				04335E93281C2F7B00BA765C /* Neighbor.png in Resources */,
				04335E9B281C318100BA765C /* Notice.png in Resources */,
				04435F33269B25D200030944 /* kakao_signup_medium_narrow.png in Resources */,
				2F9CB4BA272541C600476A90 /* coordinates.json in Resources */,
				0449D805269AF03800BCC781 /* LaunchScreen.storyboard in Resources */,
				04EE8E5D27316A1000A28B34 /* image_default.png in Resources */,
				04335E99281C306D00BA765C /* Search.png in Resources */,
				2F9CB4B62725409200476A90 /* Models.scnassets in Resources */,
				04335E91281C2F6E00BA765C /* Home.png in Resources */,
				04328B0227250CED00186DD1 /* addImage.png in Resources */,
				0449D802269AF03800BCC781 /* Assets.xcassets in Resources */,
			);
			runOnlyForDeploymentPostprocessing = 0;
		};
		04AE242426B78C8B005F11F2 /* Resources */ = {
			isa = PBXResourcesBuildPhase;
			buildActionMask = 2147483647;
			files = (
			);
			runOnlyForDeploymentPostprocessing = 0;
		};
/* End PBXResourcesBuildPhase section */

/* Begin PBXShellScriptBuildPhase section */
		910228E767A70EA6591A978A /* [CP] Check Pods Manifest.lock */ = {
			isa = PBXShellScriptBuildPhase;
			buildActionMask = 2147483647;
			files = (
			);
			inputFileListPaths = (
			);
			inputPaths = (
				"${PODS_PODFILE_DIR_PATH}/Podfile.lock",
				"${PODS_ROOT}/Manifest.lock",
			);
			name = "[CP] Check Pods Manifest.lock";
			outputFileListPaths = (
			);
			outputPaths = (
				"$(DERIVED_FILE_DIR)/Pods-GProject-checkManifestLockResult.txt",
			);
			runOnlyForDeploymentPostprocessing = 0;
			shellPath = /bin/sh;
			shellScript = "diff \"${PODS_PODFILE_DIR_PATH}/Podfile.lock\" \"${PODS_ROOT}/Manifest.lock\" > /dev/null\nif [ $? != 0 ] ; then\n    # print error to STDERR\n    echo \"error: The sandbox is not in sync with the Podfile.lock. Run 'pod install' or update your CocoaPods installation.\" >&2\n    exit 1\nfi\n# This output is used by Xcode 'outputs' to avoid re-running this script phase.\necho \"SUCCESS\" > \"${SCRIPT_OUTPUT_FILE_0}\"\n";
			showEnvVarsInLog = 0;
		};
		F09688023938D52F677CFF4D /* [CP] Embed Pods Frameworks */ = {
			isa = PBXShellScriptBuildPhase;
			buildActionMask = 2147483647;
			files = (
			);
			inputFileListPaths = (
				"${PODS_ROOT}/Target Support Files/Pods-GProject/Pods-GProject-frameworks-${CONFIGURATION}-input-files.xcfilelist",
			);
			name = "[CP] Embed Pods Frameworks";
			outputFileListPaths = (
				"${PODS_ROOT}/Target Support Files/Pods-GProject/Pods-GProject-frameworks-${CONFIGURATION}-output-files.xcfilelist",
			);
			runOnlyForDeploymentPostprocessing = 0;
			shellPath = /bin/sh;
			shellScript = "\"${PODS_ROOT}/Target Support Files/Pods-GProject/Pods-GProject-frameworks.sh\"\n";
			showEnvVarsInLog = 0;
		};
/* End PBXShellScriptBuildPhase section */

/* Begin PBXSourcesBuildPhase section */
		0417652D26A86DEC00E2C4F7 /* Sources */ = {
			isa = PBXSourcesBuildPhase;
			buildActionMask = 2147483647;
			files = (
				0417653426A86DEC00E2C4F7 /* GProjectTests.swift in Sources */,
			);
			runOnlyForDeploymentPostprocessing = 0;
		};
		0449D7EE269AF03700BCC781 /* Sources */ = {
			isa = PBXSourcesBuildPhase;
			buildActionMask = 2147483647;
			files = (
				04335E85281BAD3B00BA765C /* NeighborSearchViewController.swift in Sources */,
				04335E7B281AFA0F00BA765C /* AddingProjectButton.swift in Sources */,
				2FCE866E27253996002100FA /* ObjectSelectViewController.swift in Sources */,
				2FCE8683272539B9002100FA /* FocusSquareSegment.swift in Sources */,
				2FCE86682725397E002100FA /* ARViewModel.swift in Sources */,
				04335E97281C2FCE00BA765C /* UIImage+Ext.swift in Sources */,
				2FCE8682272539B9002100FA /* VirtualObjectARView.swift in Sources */,
				2F9CB4B427253A1E00476A90 /* ViewCoordinator.swift in Sources */,
				04335E8A281BE7B500BA765C /* UIColor+Ext.swift in Sources */,
				0417652826A50E9900E2C4F7 /* UploadImageViewController.swift in Sources */,
				2FCE86662725397E002100FA /* ImageListViewModel.swift in Sources */,
				04753776281A61AF00E4300A /* Neighbor.swift in Sources */,
				04328B042725304600186DD1 /* SettingViewController.swift in Sources */,
				2FCE867E272539B9002100FA /* VirtualObjectInteraction.swift in Sources */,
				04E5A12C26A047F9000DAD7F /* UploadImageViewModel.swift in Sources */,
				2FCE867F272539B9002100FA /* VirtualObjectLoader.swift in Sources */,
				04335E7F281B7FBC00BA765C /* NeighborListViewController.swift in Sources */,
				2FCE8680272539B9002100FA /* ThresholdPanGesture.swift in Sources */,
				04335E8C281BF2C800BA765C /* NeighborProjectListViewController.swift in Sources */,
				2F9CB4BE272550B300476A90 /* ProjectNameInputPopUp.swift in Sources */,
				2FCE868C272539C5002100FA /* FunctionClass.swift in Sources */,
				04335E83281BAD1300BA765C /* NeighborNoticeViewController.swift in Sources */,
				2FCE868E272539C5002100FA /* ThumbnailGenerator.swift in Sources */,
				04753778281A655800E4300A /* Share.swift in Sources */,
				04E5A12626A0405F000DAD7F /* DataService.swift in Sources */,
				0417652C26A6D72600E2C4F7 /* TokenUtils.swift in Sources */,
				2FCE8671272539AF002100FA /* ImageListCell.swift in Sources */,
				0431E61F272A685B00C75B68 /* CorrectPasswordViewModel.swift in Sources */,
				04B22BB8272564A2007801CD /* CorrectPasswordViewController.swift in Sources */,
				04B22BB62725543C007801CD /* PersonalInfoViewModel.swift in Sources */,
				04B22BB427255366007801CD /* PersonalInfoViewController.swift in Sources */,
				0449D7FA269AF03700BCC781 /* LoginViewController.swift in Sources */,
				04E5A12226A038CB000DAD7F /* DataServiceType.swift in Sources */,
				2FCE866C27253996002100FA /* ImageListViewController.swift in Sources */,
				0417652626A5052C00E2C4F7 /* NeighborTableViewCell.swift in Sources */,
				0475376B2818FFEF00E4300A /* ProjectShareEndpointCases.swift in Sources */,
				04E5A13026A04B7F000DAD7F /* LoginViewModel.swift in Sources */,
				0475376E281910AD00E4300A /* UserService.swift in Sources */,
				04335E7D281B7AC400BA765C /* TabBarViewController.swift in Sources */,
				04813D4926D5DDDC0083A3EE /* ProjectCell.swift in Sources */,
				2FCE868D272539C5002100FA /* ToastView.swift in Sources */,
				04813D4B26D683AA0083A3EE /* RegisterViewController.swift in Sources */,
				047537602816752400E4300A /* ProjectEndpointCases.swift in Sources */,
				04753774281914D600E4300A /* ProjectShareService.swift in Sources */,
				2FCE8672272539AF002100FA /* ObjectSelectionCell.swift in Sources */,
				0449D7F6269AF03700BCC781 /* AppDelegate.swift in Sources */,
				04E5A12026A037FF000DAD7F /* User.swift in Sources */,
				0417653C26B38E5E00E2C4F7 /* Table.swift in Sources */,
				04328B062725346400186DD1 /* SettingViewModel.swift in Sources */,
				2FCE868F272539C5002100FA /* Extensions.swift in Sources */,
				04335E79281AF92E00BA765C /* ProjectHeaderReusableView.swift in Sources */,
				2FCE86672725397E002100FA /* ObjectCellModel.swift in Sources */,
				0475375E281674B800E4300A /* UserEndpointCases.swift in Sources */,
				04753772281914B800E4300A /* NeighborService.swift in Sources */,
				047537632818CC6500E4300A /* EndPoint.swift in Sources */,
				04335E87281BB04000BA765C /* SearchBarView.swift in Sources */,
				04335E81281BA8A000BA765C /* NeighborListViewModel.swift in Sources */,
				2FCE86652725397E002100FA /* ObjectSelectViewModel.swift in Sources */,
				0449D7F8269AF03700BCC781 /* SceneDelegate.swift in Sources */,
				04753770281914A800E4300A /* ProjectService.swift in Sources */,
				047537692818FFCC00E4300A /* NeighborEndpointCases.swift in Sources */,
				047946E92711B1070092C880 /* RegisterViewModel.swift in Sources */,
				04435F35269B56F700030944 /* ProjectListViewController.swift in Sources */,
				04E5A12426A03ABE000DAD7F /* Project.swift in Sources */,
				2FCE8684272539B9002100FA /* FocusSquare.swift in Sources */,
				2FCE8681272539B9002100FA /* VirtualObject.swift in Sources */,
				047537672818D16D00E4300A /* Service.swift in Sources */,
				04335E8E281BF32C00BA765C /* NeighborProjectListViewModel.swift in Sources */,
				2FCE866D27253996002100FA /* ARViewController.swift in Sources */,
				0449D800269AF03700BCC781 /* GProject.xcdatamodeld in Sources */,
				047537652818D14D00E4300A /* NetworkError.swift in Sources */,
				2FCE868B272539C5002100FA /* Utilities.swift in Sources */,
				04E5A12826A047A6000DAD7F /* ProjectListViewModel.swift in Sources */,
			);
			runOnlyForDeploymentPostprocessing = 0;
		};
		04AE242226B78C8B005F11F2 /* Sources */ = {
			isa = PBXSourcesBuildPhase;
			buildActionMask = 2147483647;
			files = (
				04AE242926B78C8B005F11F2 /* GProjectUITests.swift in Sources */,
			);
			runOnlyForDeploymentPostprocessing = 0;
		};
/* End PBXSourcesBuildPhase section */

/* Begin PBXTargetDependency section */
		0417653726A86DEC00E2C4F7 /* PBXTargetDependency */ = {
			isa = PBXTargetDependency;
			target = 0449D7F1269AF03700BCC781 /* GProject */;
			targetProxy = 0417653626A86DEC00E2C4F7 /* PBXContainerItemProxy */;
		};
		04AE242C26B78C8B005F11F2 /* PBXTargetDependency */ = {
			isa = PBXTargetDependency;
			target = 0449D7F1269AF03700BCC781 /* GProject */;
			targetProxy = 04AE242B26B78C8B005F11F2 /* PBXContainerItemProxy */;
		};
/* End PBXTargetDependency section */

/* Begin PBXVariantGroup section */
		0449D803269AF03800BCC781 /* LaunchScreen.storyboard */ = {
			isa = PBXVariantGroup;
			children = (
				0449D804269AF03800BCC781 /* Base */,
			);
			name = LaunchScreen.storyboard;
			sourceTree = "<group>";
		};
/* End PBXVariantGroup section */

/* Begin XCBuildConfiguration section */
		0417653826A86DEC00E2C4F7 /* Debug */ = {
			isa = XCBuildConfiguration;
			buildSettings = {
				BUNDLE_LOADER = "$(TEST_HOST)";
				CODE_SIGN_STYLE = Automatic;
				DEVELOPMENT_TEAM = V75GP346YD;
				INFOPLIST_FILE = GProjectTests/Info.plist;
				LD_RUNPATH_SEARCH_PATHS = (
					"$(inherited)",
					"@executable_path/Frameworks",
					"@loader_path/Frameworks",
				);
				PRODUCT_BUNDLE_IDENTIFIER = com.nacho.GProjectTests;
				PRODUCT_NAME = "$(TARGET_NAME)";
				SWIFT_VERSION = 5.0;
				TARGETED_DEVICE_FAMILY = "1,2";
				TEST_HOST = "$(BUILT_PRODUCTS_DIR)/GProject.app/GProject";
			};
			name = Debug;
		};
		0417653926A86DEC00E2C4F7 /* Release */ = {
			isa = XCBuildConfiguration;
			buildSettings = {
				BUNDLE_LOADER = "$(TEST_HOST)";
				CODE_SIGN_STYLE = Automatic;
				DEVELOPMENT_TEAM = V75GP346YD;
				INFOPLIST_FILE = GProjectTests/Info.plist;
				LD_RUNPATH_SEARCH_PATHS = (
					"$(inherited)",
					"@executable_path/Frameworks",
					"@loader_path/Frameworks",
				);
				PRODUCT_BUNDLE_IDENTIFIER = com.nacho.GProjectTests;
				PRODUCT_NAME = "$(TARGET_NAME)";
				SWIFT_VERSION = 5.0;
				TARGETED_DEVICE_FAMILY = "1,2";
				TEST_HOST = "$(BUILT_PRODUCTS_DIR)/GProject.app/GProject";
			};
			name = Release;
		};
		0449D807269AF03800BCC781 /* Debug */ = {
			isa = XCBuildConfiguration;
			buildSettings = {
				ALWAYS_SEARCH_USER_PATHS = NO;
				CLANG_ANALYZER_NONNULL = YES;
				CLANG_ANALYZER_NUMBER_OBJECT_CONVERSION = YES_AGGRESSIVE;
				CLANG_CXX_LANGUAGE_STANDARD = "gnu++14";
				CLANG_CXX_LIBRARY = "libc++";
				CLANG_ENABLE_MODULES = YES;
				CLANG_ENABLE_OBJC_ARC = YES;
				CLANG_ENABLE_OBJC_WEAK = YES;
				CLANG_WARN_BLOCK_CAPTURE_AUTORELEASING = YES;
				CLANG_WARN_BOOL_CONVERSION = YES;
				CLANG_WARN_COMMA = YES;
				CLANG_WARN_CONSTANT_CONVERSION = YES;
				CLANG_WARN_DEPRECATED_OBJC_IMPLEMENTATIONS = YES;
				CLANG_WARN_DIRECT_OBJC_ISA_USAGE = YES_ERROR;
				CLANG_WARN_DOCUMENTATION_COMMENTS = YES;
				CLANG_WARN_EMPTY_BODY = YES;
				CLANG_WARN_ENUM_CONVERSION = YES;
				CLANG_WARN_INFINITE_RECURSION = YES;
				CLANG_WARN_INT_CONVERSION = YES;
				CLANG_WARN_NON_LITERAL_NULL_CONVERSION = YES;
				CLANG_WARN_OBJC_IMPLICIT_RETAIN_SELF = YES;
				CLANG_WARN_OBJC_LITERAL_CONVERSION = YES;
				CLANG_WARN_OBJC_ROOT_CLASS = YES_ERROR;
				CLANG_WARN_QUOTED_INCLUDE_IN_FRAMEWORK_HEADER = YES;
				CLANG_WARN_RANGE_LOOP_ANALYSIS = YES;
				CLANG_WARN_STRICT_PROTOTYPES = YES;
				CLANG_WARN_SUSPICIOUS_MOVE = YES;
				CLANG_WARN_UNGUARDED_AVAILABILITY = YES_AGGRESSIVE;
				CLANG_WARN_UNREACHABLE_CODE = YES;
				CLANG_WARN__DUPLICATE_METHOD_MATCH = YES;
				COPY_PHASE_STRIP = NO;
				DEBUG_INFORMATION_FORMAT = dwarf;
				ENABLE_STRICT_OBJC_MSGSEND = YES;
				ENABLE_TESTABILITY = YES;
				GCC_C_LANGUAGE_STANDARD = gnu11;
				GCC_DYNAMIC_NO_PIC = NO;
				GCC_NO_COMMON_BLOCKS = YES;
				GCC_OPTIMIZATION_LEVEL = 0;
				GCC_PREPROCESSOR_DEFINITIONS = (
					"DEBUG=1",
					"$(inherited)",
				);
				GCC_WARN_64_TO_32_BIT_CONVERSION = YES;
				GCC_WARN_ABOUT_RETURN_TYPE = YES_ERROR;
				GCC_WARN_UNDECLARED_SELECTOR = YES;
				GCC_WARN_UNINITIALIZED_AUTOS = YES_AGGRESSIVE;
				GCC_WARN_UNUSED_FUNCTION = YES;
				GCC_WARN_UNUSED_VARIABLE = YES;
				IPHONEOS_DEPLOYMENT_TARGET = 14.5;
				MTL_ENABLE_DEBUG_INFO = INCLUDE_SOURCE;
				MTL_FAST_MATH = YES;
				ONLY_ACTIVE_ARCH = YES;
				SDKROOT = iphoneos;
				SWIFT_ACTIVE_COMPILATION_CONDITIONS = DEBUG;
				SWIFT_OPTIMIZATION_LEVEL = "-Onone";
			};
			name = Debug;
		};
		0449D808269AF03800BCC781 /* Release */ = {
			isa = XCBuildConfiguration;
			buildSettings = {
				ALWAYS_SEARCH_USER_PATHS = NO;
				CLANG_ANALYZER_NONNULL = YES;
				CLANG_ANALYZER_NUMBER_OBJECT_CONVERSION = YES_AGGRESSIVE;
				CLANG_CXX_LANGUAGE_STANDARD = "gnu++14";
				CLANG_CXX_LIBRARY = "libc++";
				CLANG_ENABLE_MODULES = YES;
				CLANG_ENABLE_OBJC_ARC = YES;
				CLANG_ENABLE_OBJC_WEAK = YES;
				CLANG_WARN_BLOCK_CAPTURE_AUTORELEASING = YES;
				CLANG_WARN_BOOL_CONVERSION = YES;
				CLANG_WARN_COMMA = YES;
				CLANG_WARN_CONSTANT_CONVERSION = YES;
				CLANG_WARN_DEPRECATED_OBJC_IMPLEMENTATIONS = YES;
				CLANG_WARN_DIRECT_OBJC_ISA_USAGE = YES_ERROR;
				CLANG_WARN_DOCUMENTATION_COMMENTS = YES;
				CLANG_WARN_EMPTY_BODY = YES;
				CLANG_WARN_ENUM_CONVERSION = YES;
				CLANG_WARN_INFINITE_RECURSION = YES;
				CLANG_WARN_INT_CONVERSION = YES;
				CLANG_WARN_NON_LITERAL_NULL_CONVERSION = YES;
				CLANG_WARN_OBJC_IMPLICIT_RETAIN_SELF = YES;
				CLANG_WARN_OBJC_LITERAL_CONVERSION = YES;
				CLANG_WARN_OBJC_ROOT_CLASS = YES_ERROR;
				CLANG_WARN_QUOTED_INCLUDE_IN_FRAMEWORK_HEADER = YES;
				CLANG_WARN_RANGE_LOOP_ANALYSIS = YES;
				CLANG_WARN_STRICT_PROTOTYPES = YES;
				CLANG_WARN_SUSPICIOUS_MOVE = YES;
				CLANG_WARN_UNGUARDED_AVAILABILITY = YES_AGGRESSIVE;
				CLANG_WARN_UNREACHABLE_CODE = YES;
				CLANG_WARN__DUPLICATE_METHOD_MATCH = YES;
				COPY_PHASE_STRIP = NO;
				DEBUG_INFORMATION_FORMAT = "dwarf-with-dsym";
				ENABLE_NS_ASSERTIONS = NO;
				ENABLE_STRICT_OBJC_MSGSEND = YES;
				GCC_C_LANGUAGE_STANDARD = gnu11;
				GCC_NO_COMMON_BLOCKS = YES;
				GCC_WARN_64_TO_32_BIT_CONVERSION = YES;
				GCC_WARN_ABOUT_RETURN_TYPE = YES_ERROR;
				GCC_WARN_UNDECLARED_SELECTOR = YES;
				GCC_WARN_UNINITIALIZED_AUTOS = YES_AGGRESSIVE;
				GCC_WARN_UNUSED_FUNCTION = YES;
				GCC_WARN_UNUSED_VARIABLE = YES;
				IPHONEOS_DEPLOYMENT_TARGET = 14.5;
				MTL_ENABLE_DEBUG_INFO = NO;
				MTL_FAST_MATH = YES;
				SDKROOT = iphoneos;
				SWIFT_COMPILATION_MODE = wholemodule;
				SWIFT_OPTIMIZATION_LEVEL = "-O";
				VALIDATE_PRODUCT = YES;
			};
			name = Release;
		};
		0449D80A269AF03800BCC781 /* Debug */ = {
			isa = XCBuildConfiguration;
			baseConfigurationReference = 744122E7DCE79E6D712AD10A /* Pods-GProject.debug.xcconfig */;
			buildSettings = {
				ASSETCATALOG_COMPILER_APPICON_NAME = AppIcon;
				ASSETCATALOG_COMPILER_GLOBAL_ACCENT_COLOR_NAME = AccentColor;
				CODE_SIGN_STYLE = Automatic;
				DEVELOPMENT_TEAM = V75GP346YD;
				INFOPLIST_FILE = GProject/Info.plist;
				LD_RUNPATH_SEARCH_PATHS = (
					"$(inherited)",
					"@executable_path/Frameworks",
				);
				PRODUCT_BUNDLE_IDENTIFIER = com.nacho.GProject;
				PRODUCT_NAME = "$(TARGET_NAME)";
				SWIFT_VERSION = 5.0;
				TARGETED_DEVICE_FAMILY = "1,2";
			};
			name = Debug;
		};
		0449D80B269AF03800BCC781 /* Release */ = {
			isa = XCBuildConfiguration;
			baseConfigurationReference = C2568CFD443ECB92C4CAF712 /* Pods-GProject.release.xcconfig */;
			buildSettings = {
				ASSETCATALOG_COMPILER_APPICON_NAME = AppIcon;
				ASSETCATALOG_COMPILER_GLOBAL_ACCENT_COLOR_NAME = AccentColor;
				CODE_SIGN_STYLE = Automatic;
				DEVELOPMENT_TEAM = V75GP346YD;
				INFOPLIST_FILE = GProject/Info.plist;
				LD_RUNPATH_SEARCH_PATHS = (
					"$(inherited)",
					"@executable_path/Frameworks",
				);
				PRODUCT_BUNDLE_IDENTIFIER = com.nacho.GProject;
				PRODUCT_NAME = "$(TARGET_NAME)";
				SWIFT_VERSION = 5.0;
				TARGETED_DEVICE_FAMILY = "1,2";
			};
			name = Release;
		};
		04AE242D26B78C8B005F11F2 /* Debug */ = {
			isa = XCBuildConfiguration;
			buildSettings = {
				CODE_SIGN_STYLE = Automatic;
				DEVELOPMENT_TEAM = V75GP346YD;
				INFOPLIST_FILE = GProjectUITests/Info.plist;
				LD_RUNPATH_SEARCH_PATHS = (
					"$(inherited)",
					"@executable_path/Frameworks",
					"@loader_path/Frameworks",
				);
				PRODUCT_BUNDLE_IDENTIFIER = com.nacho.GProjectUITests;
				PRODUCT_NAME = "$(TARGET_NAME)";
				SWIFT_VERSION = 5.0;
				TARGETED_DEVICE_FAMILY = "1,2";
				TEST_TARGET_NAME = GProject;
			};
			name = Debug;
		};
		04AE242E26B78C8B005F11F2 /* Release */ = {
			isa = XCBuildConfiguration;
			buildSettings = {
				CODE_SIGN_STYLE = Automatic;
				DEVELOPMENT_TEAM = V75GP346YD;
				INFOPLIST_FILE = GProjectUITests/Info.plist;
				LD_RUNPATH_SEARCH_PATHS = (
					"$(inherited)",
					"@executable_path/Frameworks",
					"@loader_path/Frameworks",
				);
				PRODUCT_BUNDLE_IDENTIFIER = com.nacho.GProjectUITests;
				PRODUCT_NAME = "$(TARGET_NAME)";
				SWIFT_VERSION = 5.0;
				TARGETED_DEVICE_FAMILY = "1,2";
				TEST_TARGET_NAME = GProject;
			};
			name = Release;
		};
/* End XCBuildConfiguration section */

/* Begin XCConfigurationList section */
		0417653A26A86DEC00E2C4F7 /* Build configuration list for PBXNativeTarget "GProjectTests" */ = {
			isa = XCConfigurationList;
			buildConfigurations = (
				0417653826A86DEC00E2C4F7 /* Debug */,
				0417653926A86DEC00E2C4F7 /* Release */,
			);
			defaultConfigurationIsVisible = 0;
			defaultConfigurationName = Release;
		};
		0449D7ED269AF03700BCC781 /* Build configuration list for PBXProject "GProject" */ = {
			isa = XCConfigurationList;
			buildConfigurations = (
				0449D807269AF03800BCC781 /* Debug */,
				0449D808269AF03800BCC781 /* Release */,
			);
			defaultConfigurationIsVisible = 0;
			defaultConfigurationName = Release;
		};
		0449D809269AF03800BCC781 /* Build configuration list for PBXNativeTarget "GProject" */ = {
			isa = XCConfigurationList;
			buildConfigurations = (
				0449D80A269AF03800BCC781 /* Debug */,
				0449D80B269AF03800BCC781 /* Release */,
			);
			defaultConfigurationIsVisible = 0;
			defaultConfigurationName = Release;
		};
		04AE242F26B78C8B005F11F2 /* Build configuration list for PBXNativeTarget "GProjectUITests" */ = {
			isa = XCConfigurationList;
			buildConfigurations = (
				04AE242D26B78C8B005F11F2 /* Debug */,
				04AE242E26B78C8B005F11F2 /* Release */,
			);
			defaultConfigurationIsVisible = 0;
			defaultConfigurationName = Release;
		};
/* End XCConfigurationList section */

/* Begin XCVersionGroup section */
		0449D7FE269AF03700BCC781 /* GProject.xcdatamodeld */ = {
			isa = XCVersionGroup;
			children = (
				0449D7FF269AF03700BCC781 /* GProject.xcdatamodel */,
			);
			currentVersion = 0449D7FF269AF03700BCC781 /* GProject.xcdatamodel */;
			path = GProject.xcdatamodeld;
			sourceTree = "<group>";
			versionGroupType = wrapper.xcdatamodel;
		};
/* End XCVersionGroup section */
	};
	rootObject = 0449D7EA269AF03700BCC781 /* Project object */;
}
